// !$*UTF8*$!
{
	archiveVersion = 1;
	classes = {
	};
	objectVersion = 46;
	objects = {

/* Begin PBXBuildFile section */
		16896DBA1C30EFBA003541AB /* AppDelegate.swift in Sources */ = {isa = PBXBuildFile; fileRef = 16896DB91C30EFBA003541AB /* AppDelegate.swift */; };
		16896DBC1C30EFBA003541AB /* ViewController.swift in Sources */ = {isa = PBXBuildFile; fileRef = 16896DBB1C30EFBA003541AB /* ViewController.swift */; };
		16896DBF1C30EFBB003541AB /* Main.storyboard in Resources */ = {isa = PBXBuildFile; fileRef = 16896DBD1C30EFBB003541AB /* Main.storyboard */; };
		16896DC11C30EFBB003541AB /* Images.xcassets in Resources */ = {isa = PBXBuildFile; fileRef = 16896DC01C30EFBB003541AB /* Images.xcassets */; };
		16896DC41C30EFBB003541AB /* LaunchScreen.xib in Resources */ = {isa = PBXBuildFile; fileRef = 16896DC21C30EFBB003541AB /* LaunchScreen.xib */; };
		16896DD01C30EFBB003541AB /* CalculatorTests.swift in Sources */ = {isa = PBXBuildFile; fileRef = 16896DCF1C30EFBB003541AB /* CalculatorTests.swift */; };
		16896DDA1C38DF40003541AB /* CalculatorBrain.swift in Sources */ = {isa = PBXBuildFile; fileRef = 16896DD91C38DF40003541AB /* CalculatorBrain.swift */; };
/* End PBXBuildFile section */

/* Begin PBXContainerItemProxy section */
		16896DCA1C30EFBB003541AB /* PBXContainerItemProxy */ = {
			isa = PBXContainerItemProxy;
			containerPortal = 16896DAC1C30EFBA003541AB /* Project object */;
			proxyType = 1;
			remoteGlobalIDString = 16896DB31C30EFBA003541AB;
			remoteInfo = Calculator;
		};
/* End PBXContainerItemProxy section */

/* Begin PBXFileReference section */
		16896DB41C30EFBA003541AB /* Calculator.app */ = {isa = PBXFileReference; explicitFileType = wrapper.application; includeInIndex = 0; path = Calculator.app; sourceTree = BUILT_PRODUCTS_DIR; };
		16896DB81C30EFBA003541AB /* Info.plist */ = {isa = PBXFileReference; lastKnownFileType = text.plist.xml; path = Info.plist; sourceTree = "<group>"; };
		16896DB91C30EFBA003541AB /* AppDelegate.swift */ = {isa = PBXFileReference; lastKnownFileType = sourcecode.swift; path = AppDelegate.swift; sourceTree = "<group>"; };
		16896DBB1C30EFBA003541AB /* ViewController.swift */ = {isa = PBXFileReference; lastKnownFileType = sourcecode.swift; path = ViewController.swift; sourceTree = "<group>"; };
		16896DBE1C30EFBB003541AB /* Base */ = {isa = PBXFileReference; lastKnownFileType = file.storyboard; name = Base; path = Base.lproj/Main.storyboard; sourceTree = "<group>"; };
		16896DC01C30EFBB003541AB /* Images.xcassets */ = {isa = PBXFileReference; lastKnownFileType = folder.assetcatalog; path = Images.xcassets; sourceTree = "<group>"; };
		16896DC31C30EFBB003541AB /* Base */ = {isa = PBXFileReference; lastKnownFileType = file.xib; name = Base; path = Base.lproj/LaunchScreen.xib; sourceTree = "<group>"; };
		16896DC91C30EFBB003541AB /* CalculatorTests.xctest */ = {isa = PBXFileReference; explicitFileType = wrapper.cfbundle; includeInIndex = 0; path = CalculatorTests.xctest; sourceTree = BUILT_PRODUCTS_DIR; };
		16896DCE1C30EFBB003541AB /* Info.plist */ = {isa = PBXFileReference; lastKnownFileType = text.plist.xml; path = Info.plist; sourceTree = "<group>"; };
		16896DCF1C30EFBB003541AB /* CalculatorTests.swift */ = {isa = PBXFileReference; lastKnownFileType = sourcecode.swift; path = CalculatorTests.swift; sourceTree = "<group>"; };
		16896DD91C38DF40003541AB /* CalculatorBrain.swift */ = {isa = PBXFileReference; fileEncoding = 4; lastKnownFileType = sourcecode.swift; path = CalculatorBrain.swift; sourceTree = "<group>"; };
/* End PBXFileReference section */

/* Begin PBXFrameworksBuildPhase section */
		16896DB11C30EFBA003541AB /* Frameworks */ = {
			isa = PBXFrameworksBuildPhase;
			buildActionMask = 2147483647;
			files = (
			);
			runOnlyForDeploymentPostprocessing = 0;
		};
		16896DC61C30EFBB003541AB /* Frameworks */ = {
			isa = PBXFrameworksBuildPhase;
			buildActionMask = 2147483647;
			files = (
			);
			runOnlyForDeploymentPostprocessing = 0;
		};
/* End PBXFrameworksBuildPhase section */

/* Begin PBXGroup section */
		16896DAB1C30EFBA003541AB = {
			isa = PBXGroup;
			children = (
				16896DB61C30EFBA003541AB /* Calculator */,
				16896DCC1C30EFBB003541AB /* CalculatorTests */,
				16896DB51C30EFBA003541AB /* Products */,
			);
			sourceTree = "<group>";
		};
		16896DB51C30EFBA003541AB /* Products */ = {
			isa = PBXGroup;
			children = (
				16896DB41C30EFBA003541AB /* Calculator.app */,
				16896DC91C30EFBB003541AB /* CalculatorTests.xctest */,
			);
			name = Products;
			sourceTree = "<group>";
		};
		16896DB61C30EFBA003541AB /* Calculator */ = {
			isa = PBXGroup;
			children = (
				16896DBB1C30EFBA003541AB /* ViewController.swift */,
				16896DBD1C30EFBB003541AB /* Main.storyboard */,
				16896DD91C38DF40003541AB /* CalculatorBrain.swift */,
				16896DB71C30EFBA003541AB /* Supporting Files */,
			);
			path = Calculator;
			sourceTree = "<group>";
		};
		16896DB71C30EFBA003541AB /* Supporting Files */ = {
			isa = PBXGroup;
			children = (
				16896DC21C30EFBB003541AB /* LaunchScreen.xib */,
				16896DC01C30EFBB003541AB /* Images.xcassets */,
				16896DB91C30EFBA003541AB /* AppDelegate.swift */,
				16896DB81C30EFBA003541AB /* Info.plist */,
			);
			name = "Supporting Files";
			sourceTree = "<group>";
		};
		16896DCC1C30EFBB003541AB /* CalculatorTests */ = {
			isa = PBXGroup;
			children = (
				16896DCF1C30EFBB003541AB /* CalculatorTests.swift */,
				16896DCD1C30EFBB003541AB /* Supporting Files */,
			);
			path = CalculatorTests;
			sourceTree = "<group>";
		};
		16896DCD1C30EFBB003541AB /* Supporting Files */ = {
			isa = PBXGroup;
			children = (
				16896DCE1C30EFBB003541AB /* Info.plist */,
			);
			name = "Supporting Files";
			sourceTree = "<group>";
		};
/* End PBXGroup section */

/* Begin PBXNativeTarget section */
		16896DB31C30EFBA003541AB /* Calculator */ = {
			isa = PBXNativeTarget;
			buildConfigurationList = 16896DD31C30EFBB003541AB /* Build configuration list for PBXNativeTarget "Calculator" */;
			buildPhases = (
				16896DB01C30EFBA003541AB /* Sources */,
				16896DB11C30EFBA003541AB /* Frameworks */,
				16896DB21C30EFBA003541AB /* Resources */,
			);
			buildRules = (
			);
			dependencies = (
			);
			name = Calculator;
			productName = Calculator;
			productReference = 16896DB41C30EFBA003541AB /* Calculator.app */;
			productType = "com.apple.product-type.application";
		};
		16896DC81C30EFBB003541AB /* CalculatorTests */ = {
			isa = PBXNativeTarget;
			buildConfigurationList = 16896DD61C30EFBB003541AB /* Build configuration list for PBXNativeTarget "CalculatorTests" */;
			buildPhases = (
				16896DC51C30EFBB003541AB /* Sources */,
				16896DC61C30EFBB003541AB /* Frameworks */,
				16896DC71C30EFBB003541AB /* Resources */,
			);
			buildRules = (
			);
			dependencies = (
				16896DCB1C30EFBB003541AB /* PBXTargetDependency */,
			);
			name = CalculatorTests;
			productName = CalculatorTests;
			productReference = 16896DC91C30EFBB003541AB /* CalculatorTests.xctest */;
			productType = "com.apple.product-type.bundle.unit-test";
		};
/* End PBXNativeTarget section */

/* Begin PBXProject section */
		16896DAC1C30EFBA003541AB /* Project object */ = {
			isa = PBXProject;
			attributes = {
				LastUpgradeCheck = 0630;
				ORGANIZATIONNAME = "Janus Manlapaz";
				TargetAttributes = {
					16896DB31C30EFBA003541AB = {
						CreatedOnToolsVersion = 6.3.2;
					};
					16896DC81C30EFBB003541AB = {
						CreatedOnToolsVersion = 6.3.2;
						TestTargetID = 16896DB31C30EFBA003541AB;
					};
				};
			};
			buildConfigurationList = 16896DAF1C30EFBA003541AB /* Build configuration list for PBXProject "Calculator" */;
			compatibilityVersion = "Xcode 3.2";
			developmentRegion = English;
			hasScannedForEncodings = 0;
			knownRegions = (
				en,
				Base,
			);
			mainGroup = 16896DAB1C30EFBA003541AB;
			productRefGroup = 16896DB51C30EFBA003541AB /* Products */;
			projectDirPath = "";
			projectRoot = "";
			targets = (
				16896DB31C30EFBA003541AB /* Calculator */,
				16896DC81C30EFBB003541AB /* CalculatorTests */,
			);
		};
/* End PBXProject section */

/* Begin PBXResourcesBuildPhase section */
		16896DB21C30EFBA003541AB /* Resources */ = {
			isa = PBXResourcesBuildPhase;
			buildActionMask = 2147483647;
			files = (
				16896DBF1C30EFBB003541AB /* Main.storyboard in Resources */,
				16896DC41C30EFBB003541AB /* LaunchScreen.xib in Resources */,
				16896DC11C30EFBB003541AB /* Images.xcassets in Resources */,
			);
			runOnlyForDeploymentPostprocessing = 0;
		};
		16896DC71C30EFBB003541AB /* Resources */ = {
			isa = PBXResourcesBuildPhase;
			buildActionMask = 2147483647;
			files = (
			);
			runOnlyForDeploymentPostprocessing = 0;
		};
/* End PBXResourcesBuildPhase section */

/* Begin PBXSourcesBuildPhase section */
		16896DB01C30EFBA003541AB /* Sources */ = {
			isa = PBXSourcesBuildPhase;
			buildActionMask = 2147483647;
			files = (
				16896DDA1C38DF40003541AB /* CalculatorBrain.swift in Sources */,
				16896DBC1C30EFBA003541AB /* ViewController.swift in Sources */,
				16896DBA1C30EFBA003541AB /* AppDelegate.swift in Sources */,
			);
			runOnlyForDeploymentPostprocessing = 0;
		};
		16896DC51C30EFBB003541AB /* Sources */ = {
			isa = PBXSourcesBuildPhase;
			buildActionMask = 2147483647;
			files = (
				16896DD01C30EFBB003541AB /* CalculatorTests.swift in Sources */,
			);
			runOnlyForDeploymentPostprocessing = 0;
		};
/* End PBXSourcesBuildPhase section */

/* Begin PBXTargetDependency section */
		16896DCB1C30EFBB003541AB /* PBXTargetDependency */ = {
			isa = PBXTargetDependency;
			target = 16896DB31C30EFBA003541AB /* Calculator */;
			targetProxy = 16896DCA1C30EFBB003541AB /* PBXContainerItemProxy */;
		};
/* End PBXTargetDependency section */

/* Begin PBXVariantGroup section */
		16896DBD1C30EFBB003541AB /* Main.storyboard */ = {
			isa = PBXVariantGroup;
			children = (
				16896DBE1C30EFBB003541AB /* Base */,
			);
			name = Main.storyboard;
			sourceTree = "<group>";
		};
		16896DC21C30EFBB003541AB /* LaunchScreen.xib */ = {
			isa = PBXVariantGroup;
			children = (
				16896DC31C30EFBB003541AB /* Base */,
			);
			name = LaunchScreen.xib;
			sourceTree = "<group>";
		};
/* End PBXVariantGroup section */

/* Begin XCBuildConfiguration section */
		16896DD11C30EFBB003541AB /* Debug */ = {
			isa = XCBuildConfiguration;
			buildSettings = {
				ALWAYS_SEARCH_USER_PATHS = NO;
				CLANG_CXX_LANGUAGE_STANDARD = "gnu++0x";
				CLANG_CXX_LIBRARY = "libc++";
				CLANG_ENABLE_MODULES = YES;
				CLANG_ENABLE_OBJC_ARC = YES;
				CLANG_WARN_BOOL_CONVERSION = YES;
				CLANG_WARN_CONSTANT_CONVERSION = YES;
				CLANG_WARN_DIRECT_OBJC_ISA_USAGE = YES_ERROR;
				CLANG_WARN_EMPTY_BODY = YES;
				CLANG_WARN_ENUM_CONVERSION = YES;
				CLANG_WARN_INT_CONVERSION = YES;
				CLANG_WARN_OBJC_ROOT_CLASS = YES_ERROR;
				CLANG_WARN_UNREACHABLE_CODE = YES;
				CLANG_WARN__DUPLICATE_METHOD_MATCH = YES;
				"CODE_SIGN_IDENTITY[sdk=iphoneos*]" = "iPhone Developer";
				COPY_PHASE_STRIP = NO;
				DEBUG_INFORMATION_FORMAT = "dwarf-with-dsym";
				ENABLE_STRICT_OBJC_MSGSEND = YES;
				GCC_C_LANGUAGE_STANDARD = gnu99;
				GCC_DYNAMIC_NO_PIC = NO;
				GCC_NO_COMMON_BLOCKS = YES;
				GCC_OPTIMIZATION_LEVEL = 0;
				GCC_PREPROCESSOR_DEFINITIONS = (
					"DEBUG=1",
					"$(inherited)",
				);
				GCC_SYMBOLS_PRIVATE_EXTERN = NO;
				GCC_WARN_64_TO_32_BIT_CONVERSION = YES;
				GCC_WARN_ABOUT_RETURN_TYPE = YES_ERROR;
				GCC_WARN_UNDECLARED_SELECTOR = YES;
				GCC_WARN_UNINITIALIZED_AUTOS = YES_AGGRESSIVE;
				GCC_WARN_UNUSED_FUNCTION = YES;
				GCC_WARN_UNUSED_VARIABLE = YES;
				IPHONEOS_DEPLOYMENT_TARGET = 8.3;
				MTL_ENABLE_DEBUG_INFO = YES;
				ONLY_ACTIVE_ARCH = YES;
				SDKROOT = iphoneos;
				SWIFT_OPTIMIZATION_LEVEL = "-Onone";
				TARGETED_DEVICE_FAMILY = "1,2";
			};
			name = Debug;
		};
		16896DD21C30EFBB003541AB /* Release */ = {
			isa = XCBuildConfiguration;
			buildSettings = {
				ALWAYS_SEARCH_USER_PATHS = NO;
				CLANG_CXX_LANGUAGE_STANDARD = "gnu++0x";
				CLANG_CXX_LIBRARY = "libc++";
				CLANG_ENABLE_MODULES = YES;
				CLANG_ENABLE_OBJC_ARC = YES;
				CLANG_WARN_BOOL_CONVERSION = YES;
				CLANG_WARN_CONSTANT_CONVERSION = YES;
				CLANG_WARN_DIRECT_OBJC_ISA_USAGE = YES_ERROR;
				CLANG_WARN_EMPTY_BODY = YES;
				CLANG_WARN_ENUM_CONVERSION = YES;
				CLANG_WARN_INT_CONVERSION = YES;
				CLANG_WARN_OBJC_ROOT_CLASS = YES_ERROR;
				CLANG_WARN_UNREACHABLE_CODE = YES;
				CLANG_WARN__DUPLICATE_METHOD_MATCH = YES;
				"CODE_SIGN_IDENTITY[sdk=iphoneos*]" = "iPhone Developer";
				COPY_PHASE_STRIP = NO;
				DEBUG_INFORMATION_FORMAT = "dwarf-with-dsym";
				ENABLE_NS_ASSERTIONS = NO;
				ENABLE_STRICT_OBJC_MSGSEND = YES;
				GCC_C_LANGUAGE_STANDARD = gnu99;
				GCC_NO_COMMON_BLOCKS = YES;
				GCC_WARN_64_TO_32_BIT_CONVERSION = YES;
				GCC_WARN_ABOUT_RETURN_TYPE = YES_ERROR;
				GCC_WARN_UNDECLARED_SELECTOR = YES;
				GCC_WARN_UNINITIALIZED_AUTOS = YES_AGGRESSIVE;
				GCC_WARN_UNUSED_FUNCTION = YES;
				GCC_WARN_UNUSED_VARIABLE = YES;
				IPHONEOS_DEPLOYMENT_TARGET = 8.3;
				MTL_ENABLE_DEBUG_INFO = NO;
				SDKROOT = iphoneos;
				TARGETED_DEVICE_FAMILY = "1,2";
				VALIDATE_PRODUCT = YES;
			};
			name = Release;
		};
		16896DD41C30EFBB003541AB /* Debug */ = {
			isa = XCBuildConfiguration;
			buildSettings = {
				ASSETCATALOG_COMPILER_APPICON_NAME = AppIcon;
				INFOPLIST_FILE = Calculator/Info.plist;
				LD_RUNPATH_SEARCH_PATHS = "$(inherited) @executable_path/Frameworks";
				PRODUCT_NAME = "$(TARGET_NAME)";
			};
			name = Debug;
		};
		16896DD51C30EFBB003541AB /* Release */ = {
			isa = XCBuildConfiguration;
			buildSettings = {
				ASSETCATALOG_COMPILER_APPICON_NAME = AppIcon;
				INFOPLIST_FILE = Calculator/Info.plist;
				LD_RUNPATH_SEARCH_PATHS = "$(inherited) @executable_path/Frameworks";
				PRODUCT_NAME = "$(TARGET_NAME)";
			};
			name = Release;
		};
		16896DD71C30EFBB003541AB /* Debug */ = {
			isa = XCBuildConfiguration;
			buildSettings = {
				BUNDLE_LOADER = "$(TEST_HOST)";
				FRAMEWORK_SEARCH_PATHS = (
					"$(SDKROOT)/Developer/Library/Frameworks",
					"$(inherited)",
				);
				GCC_PREPROCESSOR_DEFINITIONS = (
					"DEBUG=1",
					"$(inherited)",
				);
				INFOPLIST_FILE = CalculatorTests/Info.plist;
				LD_RUNPATH_SEARCH_PATHS = "$(inherited) @executable_path/Frameworks @loader_path/Frameworks";
				PRODUCT_NAME = "$(TARGET_NAME)";
				TEST_HOST = "$(BUILT_PRODUCTS_DIR)/Calculator.app/Calculator";
			};
			name = Debug;
		};
		16896DD81C30EFBB003541AB /* Release */ = {
			isa = XCBuildConfiguration;
			buildSettings = {
				BUNDLE_LOADER = "$(TEST_HOST)";
				FRAMEWORK_SEARCH_PATHS = (
					"$(SDKROOT)/Developer/Library/Frameworks",
					"$(inherited)",
				);
				INFOPLIST_FILE = CalculatorTests/Info.plist;
				LD_RUNPATH_SEARCH_PATHS = "$(inherited) @executable_path/Frameworks @loader_path/Frameworks";
				PRODUCT_NAME = "$(TARGET_NAME)";
				TEST_HOST = "$(BUILT_PRODUCTS_DIR)/Calculator.app/Calculator";
			};
			name = Release;
		};
/* End XCBuildConfiguration section */

/* Begin XCConfigurationList section */
		16896DAF1C30EFBA003541AB /* Build configuration list for PBXProject "Calculator" */ = {
			isa = XCConfigurationList;
			buildConfigurations = (
				16896DD11C30EFBB003541AB /* Debug */,
				16896DD21C30EFBB003541AB /* Release */,
			);
			defaultConfigurationIsVisible = 0;
			defaultConfigurationName = Release;
		};
		16896DD31C30EFBB003541AB /* Build configuration list for PBXNativeTarget "Calculator" */ = {
			isa = XCConfigurationList;
			buildConfigurations = (
				16896DD41C30EFBB003541AB /* Debug */,
				16896DD51C30EFBB003541AB /* Release */,
			);
			defaultConfigurationIsVisible = 0;
		};
		16896DD61C30EFBB003541AB /* Build configuration list for PBXNativeTarget "CalculatorTests" */ = {
			isa = XCConfigurationList;
			buildConfigurations = (
				16896DD71C30EFBB003541AB /* Debug */,
				16896DD81C30EFBB003541AB /* Release */,
			);
			defaultConfigurationIsVisible = 0;
		};
/* End XCConfigurationList section */
	};
	rootObject = 16896DAC1C30EFBA003541AB /* Project object */;
}
